<?xml version="1.0" encoding="utf-8"?>
<Project ToolsVersion="4.0" xmlns="http://schemas.microsoft.com/developer/msbuild/2003">
  <ItemGroup>
    <Filter Include="Source Files">
      <UniqueIdentifier>{4FC737F1-C7A5-4376-A066-2A32D752A2FF}</UniqueIdentifier>
      <Extensions>cpp;c;cc;cxx;def;odl;idl;hpj;bat;asm;asmx</Extensions>
    </Filter>
    <Filter Include="Header Files">
      <UniqueIdentifier>{93995380-89BD-4b04-88EB-625FBE52EBFB}</UniqueIdentifier>
      <Extensions>h;hpp;hxx;hm;inl;inc;xsd</Extensions>
    </Filter>
    <Filter Include="Resource Files">
      <UniqueIdentifier>{67DA6AB6-F800-4c08-8B7A-83BB121AAD01}</UniqueIdentifier>
      <Extensions>rc;ico;cur;bmp;dlg;rc2;rct;bin;rgs;gif;jpg;jpeg;jpe;resx;tiff;tif;png;wav;mfcribbon-ms</Extensions>
    </Filter>
  </ItemGroup>
  <ItemGroup>
    <Text Include="ReadMe.txt" />
  </ItemGroup>
  <ItemGroup>
    <ClInclude Include="stdafx.h">
      <Filter>Header Files</Filter>
    </ClInclude>
    <ClInclude Include="targetver.h">
      <Filter>Header Files</Filter>
    </ClInclude>
    <ClInclude Include="TrueType.h">
      <Filter>Header Files</Filter>
    </ClInclude>
    <ClInclude Include="TableOS2.h">
      <Filter>Header Files</Filter>
    </ClInclude>
    <ClInclude Include="TableCMap.h">
      <Filter>Header Files</Filter>
    </ClInclude>
    <ClInclude Include="Global.h">
      <Filter>Header Files</Filter>
    </ClInclude>
    <ClInclude Include="TableMaxp.h">
      <Filter>Header Files</Filter>
    </ClInclude>
    <ClInclude Include="TableHead.h">
      <Filter>Header Files</Filter>
    </ClInclude>
    <ClInclude Include="TableName.h">
      <Filter>Header Files</Filter>
    </ClInclude>
    <ClInclude Include="TableHhea.h">
      <Filter>Header Files</Filter>
    </ClInclude>
    <ClInclude Include="TableHmtx.h">
      <Filter>Header Files</Filter>
    </ClInclude>
    <ClInclude Include="TablePost.h">
      <Filter>Header Files</Filter>
    </ClInclude>
    <ClInclude Include="TableGlyf.h">
      <Filter>Header Files</Filter>
    </ClInclude>
    <ClInclude Include="TableLoca.h">
      <Filter>Header Files</Filter>
    </ClInclude>
    <ClInclude Include="TableGasp.h">
      <Filter>Header Files</Filter>
    </ClInclude>
    <ClInclude Include="TableHdmx.h">
      <Filter>Header Files</Filter>
    </ClInclude>
    <ClInclude Include="TableKern.h">
      <Filter>Header Files</Filter>
    </ClInclude>
    <ClInclude Include="TableVhea.h">
      <Filter>Header Files</Filter>
    </ClInclude>
    <ClInclude Include="TableVmtx.h">
      <Filter>Header Files</Filter>
    </ClInclude>
    <ClInclude Include="Instruction.h">
      <Filter>Header Files</Filter>
    </ClInclude>
    <ClInclude Include="TTFontFace.h">
      <Filter>Header Files</Filter>
    </ClInclude>
    <ClInclude Include="InstrCmd.h">
      <Filter>Header Files</Filter>
    </ClInclude>
  </ItemGroup>
  <ItemGroup>
    <ClCompile Include="stdafx.cpp">
      <Filter>Source Files</Filter>
    </ClCompile>
    <ClCompile Include="TrueType.cpp">
      <Filter>Source Files</Filter>
    </ClCompile>
    <ClCompile Include="TableOS2.cpp">
      <Filter>Source Files</Filter>
    </ClCompile>
    <ClCompile Include="TableCMap.cpp">
      <Filter>Source Files</Filter>
    </ClCompile>
    <ClCompile Include="TableMaxp.cpp">
      <Filter>Source Files</Filter>
    </ClCompile>
    <ClCompile Include="TableHead.cpp">
      <Filter>Source Files</Filter>
    </ClCompile>
    <ClCompile Include="TableName.cpp">
      <Filter>Source Files</Filter>
    </ClCompile>
    <ClCompile Include="TableHhea.cpp">
      <Filter>Source Files</Filter>
    </ClCompile>
    <ClCompile Include="TableHmtx.cpp">
      <Filter>Source Files</Filter>
    </ClCompile>
    <ClCompile Include="TablePost.cpp">
      <Filter>Source Files</Filter>
    </ClCompile>
    <ClCompile Include="TableGlyf.cpp">
      <Filter>Source Files</Filter>
    </ClCompile>
    <ClCompile Include="TableLoca.cpp">
      <Filter>Source Files</Filter>
    </ClCompile>
    <ClCompile Include="TableGasp.cpp">
      <Filter>Source Files</Filter>
    </ClCompile>
    <ClCompile Include="TableHdmx.cpp">
      <Filter>Source Files</Filter>
    </ClCompile>
    <ClCompile Include="TableKern.cpp">
      <Filter>Source Files</Filter>
    </ClCompile>
    <ClCompile Include="TableVhea.cpp">
      <Filter>Source Files</Filter>
    </ClCompile>
    <ClCompile Include="TableVmtx.cpp">
      <Filter>Source Files</Filter>
    </ClCompile>
    <ClCompile Include="Instruction.cpp">
      <Filter>Source Files</Filter>
    </ClCompile>
    <ClCompile Include="TTFontFace.cpp">
      <Filter>Source Files</Filter>
    </ClCompile>
    <ClCompile Include="InstrCmd.cpp">
      <Filter>Source Files</Filter>
    </ClCompile>
    <ClCompile Include="Debug.cpp">
      <Filter>Source Files</Filter>
    </ClCompile>
    <ClCompile Include="Debug0.cpp">
      <Filter>Source Files</Filter>
    </ClCompile>
  </ItemGroup>
</Project>